// !$*UTF8*$!
{
	archiveVersion = 1;
	classes = {
	};
	objectVersion = 46;
	objects = {

/* Begin PBXBuildFile section */
		893711D71AEE647300FC1249 /* AcousticModelEnglish.bundle in Resources */ = {isa = PBXBuildFile; fileRef = 893711D31AEE647300FC1249 /* AcousticModelEnglish.bundle */; };
		893711D81AEE647300FC1249 /* AcousticModelSpanish.bundle in Resources */ = {isa = PBXBuildFile; fileRef = 893711D41AEE647300FC1249 /* AcousticModelSpanish.bundle */; };
		893711D91AEE647300FC1249 /* OpenEars.framework in Frameworks */ = {isa = PBXBuildFile; fileRef = 893711D51AEE647300FC1249 /* OpenEars.framework */; };
		893711DA1AEE647300FC1249 /* Slt.framework in Frameworks */ = {isa = PBXBuildFile; fileRef = 893711D61AEE647300FC1249 /* Slt.framework */; };
		894B64FD1AE84B7A004FF995 /* barChart.xml in Resources */ = {isa = PBXBuildFile; fileRef = 894B64FC1AE84B7A004FF995 /* barChart.xml */; };
		894B65181AE84B83004FF995 /* BarChartView.m in Sources */ = {isa = PBXBuildFile; fileRef = 894B65001AE84B83004FF995 /* BarChartView.m */; };
		894B65191AE84B83004FF995 /* BarLabel.m in Sources */ = {isa = PBXBuildFile; fileRef = 894B65021AE84B83004FF995 /* BarLabel.m */; };
		894B651A1AE84B83004FF995 /* BarView.m in Sources */ = {isa = PBXBuildFile; fileRef = 894B65051AE84B83004FF995 /* BarView.m */; };
		894B651B1AE84B83004FF995 /* CMPopTipView.m in Sources */ = {isa = PBXBuildFile; fileRef = 894B65091AE84B83004FF995 /* CMPopTipView.m */; };
		894B651C1AE84B83004FF995 /* UIColor+i7HexColor.m in Sources */ = {isa = PBXBuildFile; fileRef = 894B650C1AE84B83004FF995 /* UIColor+i7HexColor.m */; };
		894B651D1AE84B83004FF995 /* UIViewSizeShortcuts.m in Sources */ = {isa = PBXBuildFile; fileRef = 894B650E1AE84B83004FF995 /* UIViewSizeShortcuts.m */; };
		894B651E1AE84B83004FF995 /* XMLElement.m in Sources */ = {isa = PBXBuildFile; fileRef = 894B65111AE84B83004FF995 /* XMLElement.m */; };
		894B651F1AE84B83004FF995 /* XMLParser.m in Sources */ = {isa = PBXBuildFile; fileRef = 894B65131AE84B83004FF995 /* XMLParser.m */; };
		894B65201AE84B83004FF995 /* XMLParserDelegate.m in Sources */ = {isa = PBXBuildFile; fileRef = 894B65151AE84B83004FF995 /* XMLParserDelegate.m */; };
		894B65211AE84B83004FF995 /* PlotChartView.m in Sources */ = {isa = PBXBuildFile; fileRef = 894B65171AE84B83004FF995 /* PlotChartView.m */; };
		894B65261AE84CD4004FF995 /* UIKit.framework in Frameworks */ = {isa = PBXBuildFile; fileRef = 894B65251AE84CD4004FF995 /* UIKit.framework */; };
		8966842A1ABBE3C600198959 /* Images.xcassets in Resources */ = {isa = PBXBuildFile; fileRef = 896684291ABBE3C600198959 /* Images.xcassets */; };
		896684331ABCA72600198959 /* OptionController.swift in Sources */ = {isa = PBXBuildFile; fileRef = 896684321ABCA72600198959 /* OptionController.swift */; };
		896684351ABCBB5E00198959 /* iAd.framework in Frameworks */ = {isa = PBXBuildFile; fileRef = 896684341ABCBB5E00198959 /* iAd.framework */; };
		89A78DEF1ABA35110058D4F2 /* AppDelegate.swift in Sources */ = {isa = PBXBuildFile; fileRef = 89A78DEE1ABA35110058D4F2 /* AppDelegate.swift */; };
		89A78DF11ABA35110058D4F2 /* ViewController.swift in Sources */ = {isa = PBXBuildFile; fileRef = 89A78DF01ABA35110058D4F2 /* ViewController.swift */; };
		89A78DF41ABA35110058D4F2 /* Main.storyboard in Resources */ = {isa = PBXBuildFile; fileRef = 89A78DF21ABA35110058D4F2 /* Main.storyboard */; };
		89A78E051ABA35110058D4F2 /* Guess_The_NumberTests.swift in Sources */ = {isa = PBXBuildFile; fileRef = 89A78E041ABA35110058D4F2 /* Guess_The_NumberTests.swift */; };
		89A78E0F1ABA357A0058D4F2 /* CircleButton.swift in Sources */ = {isa = PBXBuildFile; fileRef = 89A78E0E1ABA357A0058D4F2 /* CircleButton.swift */; };
		89CA9CFB1ABBBCE200DA43A0 /* VictoryController.swift in Sources */ = {isa = PBXBuildFile; fileRef = 89CA9CFA1ABBBCE200DA43A0 /* VictoryController.swift */; };
		89D3C9E51AF046EE00C708C1 /* microphone.png in Resources */ = {isa = PBXBuildFile; fileRef = 89D3C9E41AF046EE00C708C1 /* microphone.png */; };
		89D3C9E71AF066BF00C708C1 /* info.png in Resources */ = {isa = PBXBuildFile; fileRef = 89D3C9E61AF066BF00C708C1 /* info.png */; };
		89E19CCF1ABD3DF400A5B93D /* thumbs_up.png in Resources */ = {isa = PBXBuildFile; fileRef = 89E19CCE1ABD3DF400A5B93D /* thumbs_up.png */; };
		89E19CD21ABD3FAC00A5B93D /* thumbs_sideways.png in Resources */ = {isa = PBXBuildFile; fileRef = 89E19CD01ABD3FAC00A5B93D /* thumbs_sideways.png */; };
		89E19CD31ABD3FAC00A5B93D /* thumbs_down.png in Resources */ = {isa = PBXBuildFile; fileRef = 89E19CD11ABD3FAC00A5B93D /* thumbs_down.png */; };
		89E19CD51ABDCA6E00A5B93D /* StatsController.swift in Sources */ = {isa = PBXBuildFile; fileRef = 89E19CD41ABDCA6E00A5B93D /* StatsController.swift */; };
		89E19CD71ABF626200A5B93D /* Messages.txt in Resources */ = {isa = PBXBuildFile; fileRef = 89E19CD61ABF626200A5B93D /* Messages.txt */; };
		89E19CD91ABF682200A5B93D /* MessagesWrongRange.txt in Resources */ = {isa = PBXBuildFile; fileRef = 89E19CD81ABF682200A5B93D /* MessagesWrongRange.txt */; };
		89E19CDB1ABF68F100A5B93D /* VictoryMessages.txt in Resources */ = {isa = PBXBuildFile; fileRef = 89E19CDA1ABF68F100A5B93D /* VictoryMessages.txt */; };
/* End PBXBuildFile section */

/* Begin PBXContainerItemProxy section */
		89A78DFF1ABA35110058D4F2 /* PBXContainerItemProxy */ = {
			isa = PBXContainerItemProxy;
			containerPortal = 89A78DE11ABA35110058D4F2 /* Project object */;
			proxyType = 1;
			remoteGlobalIDString = 89A78DE81ABA35110058D4F2;
			remoteInfo = "Guess The Number";
		};
/* End PBXContainerItemProxy section */

/* Begin PBXFileReference section */
		893711D31AEE647300FC1249 /* AcousticModelEnglish.bundle */ = {isa = PBXFileReference; lastKnownFileType = "wrapper.plug-in"; path = AcousticModelEnglish.bundle; sourceTree = "<group>"; };
		893711D41AEE647300FC1249 /* AcousticModelSpanish.bundle */ = {isa = PBXFileReference; lastKnownFileType = "wrapper.plug-in"; path = AcousticModelSpanish.bundle; sourceTree = "<group>"; };
		893711D51AEE647300FC1249 /* OpenEars.framework */ = {isa = PBXFileReference; lastKnownFileType = wrapper.framework; path = OpenEars.framework; sourceTree = "<group>"; };
		893711D61AEE647300FC1249 /* Slt.framework */ = {isa = PBXFileReference; lastKnownFileType = wrapper.framework; path = Slt.framework; sourceTree = "<group>"; };
		894B64FC1AE84B7A004FF995 /* barChart.xml */ = {isa = PBXFileReference; fileEncoding = 4; lastKnownFileType = text.xml; path = barChart.xml; sourceTree = "<group>"; };
		894B64FF1AE84B83004FF995 /* BarChartView.h */ = {isa = PBXFileReference; fileEncoding = 4; lastKnownFileType = sourcecode.c.h; path = BarChartView.h; sourceTree = "<group>"; };
		894B65001AE84B83004FF995 /* BarChartView.m */ = {isa = PBXFileReference; fileEncoding = 4; lastKnownFileType = sourcecode.c.objc; path = BarChartView.m; sourceTree = "<group>"; };
		894B65011AE84B83004FF995 /* BarLabel.h */ = {isa = PBXFileReference; fileEncoding = 4; lastKnownFileType = sourcecode.c.h; path = BarLabel.h; sourceTree = "<group>"; };
		894B65021AE84B83004FF995 /* BarLabel.m */ = {isa = PBXFileReference; fileEncoding = 4; lastKnownFileType = sourcecode.c.objc; path = BarLabel.m; sourceTree = "<group>"; };
		894B65031AE84B83004FF995 /* BarTypes.h */ = {isa = PBXFileReference; fileEncoding = 4; lastKnownFileType = sourcecode.c.h; path = BarTypes.h; sourceTree = "<group>"; };
		894B65041AE84B83004FF995 /* BarView.h */ = {isa = PBXFileReference; fileEncoding = 4; lastKnownFileType = sourcecode.c.h; path = BarView.h; sourceTree = "<group>"; };
		894B65051AE84B83004FF995 /* BarView.m */ = {isa = PBXFileReference; fileEncoding = 4; lastKnownFileType = sourcecode.c.objc; path = BarView.m; sourceTree = "<group>"; };
		894B65081AE84B83004FF995 /* CMPopTipView.h */ = {isa = PBXFileReference; fileEncoding = 4; lastKnownFileType = sourcecode.c.h; path = CMPopTipView.h; sourceTree = "<group>"; };
		894B65091AE84B83004FF995 /* CMPopTipView.m */ = {isa = PBXFileReference; fileEncoding = 4; lastKnownFileType = sourcecode.c.objc; path = CMPopTipView.m; sourceTree = "<group>"; };
		894B650B1AE84B83004FF995 /* UIColor+i7HexColor.h */ = {isa = PBXFileReference; fileEncoding = 4; lastKnownFileType = sourcecode.c.h; path = "UIColor+i7HexColor.h"; sourceTree = "<group>"; };
		894B650C1AE84B83004FF995 /* UIColor+i7HexColor.m */ = {isa = PBXFileReference; fileEncoding = 4; lastKnownFileType = sourcecode.c.objc; path = "UIColor+i7HexColor.m"; sourceTree = "<group>"; };
		894B650D1AE84B83004FF995 /* UIViewSizeShortcuts.h */ = {isa = PBXFileReference; fileEncoding = 4; lastKnownFileType = sourcecode.c.h; path = UIViewSizeShortcuts.h; sourceTree = "<group>"; };
		894B650E1AE84B83004FF995 /* UIViewSizeShortcuts.m */ = {isa = PBXFileReference; fileEncoding = 4; lastKnownFileType = sourcecode.c.objc; path = UIViewSizeShortcuts.m; sourceTree = "<group>"; };
		894B65101AE84B83004FF995 /* XMLElement.h */ = {isa = PBXFileReference; fileEncoding = 4; lastKnownFileType = sourcecode.c.h; path = XMLElement.h; sourceTree = "<group>"; };
		894B65111AE84B83004FF995 /* XMLElement.m */ = {isa = PBXFileReference; fileEncoding = 4; lastKnownFileType = sourcecode.c.objc; path = XMLElement.m; sourceTree = "<group>"; };
		894B65121AE84B83004FF995 /* XMLParser.h */ = {isa = PBXFileReference; fileEncoding = 4; lastKnownFileType = sourcecode.c.h; path = XMLParser.h; sourceTree = "<group>"; };
		894B65131AE84B83004FF995 /* XMLParser.m */ = {isa = PBXFileReference; fileEncoding = 4; lastKnownFileType = sourcecode.c.objc; path = XMLParser.m; sourceTree = "<group>"; };
		894B65141AE84B83004FF995 /* XMLParserDelegate.h */ = {isa = PBXFileReference; fileEncoding = 4; lastKnownFileType = sourcecode.c.h; path = XMLParserDelegate.h; sourceTree = "<group>"; };
		894B65151AE84B83004FF995 /* XMLParserDelegate.m */ = {isa = PBXFileReference; fileEncoding = 4; lastKnownFileType = sourcecode.c.objc; path = XMLParserDelegate.m; sourceTree = "<group>"; };
		894B65161AE84B83004FF995 /* PlotChartView.h */ = {isa = PBXFileReference; fileEncoding = 4; lastKnownFileType = sourcecode.c.h; path = PlotChartView.h; sourceTree = "<group>"; };
		894B65171AE84B83004FF995 /* PlotChartView.m */ = {isa = PBXFileReference; fileEncoding = 4; lastKnownFileType = sourcecode.c.objc; path = PlotChartView.m; sourceTree = "<group>"; };
		894B65251AE84CD4004FF995 /* UIKit.framework */ = {isa = PBXFileReference; lastKnownFileType = wrapper.framework; name = UIKit.framework; path = System/Library/Frameworks/UIKit.framework; sourceTree = SDKROOT; };
		894B65301AE85075004FF995 /* Guess-The-Number-Bridging-Header.h */ = {isa = PBXFileReference; lastKnownFileType = sourcecode.c.h; name = "Guess-The-Number-Bridging-Header.h"; path = "../Guess-The-Number-Bridging-Header.h"; sourceTree = "<group>"; };
		896684291ABBE3C600198959 /* Images.xcassets */ = {isa = PBXFileReference; lastKnownFileType = folder.assetcatalog; name = Images.xcassets; path = ../Images.xcassets; sourceTree = "<group>"; };
		896684321ABCA72600198959 /* OptionController.swift */ = {isa = PBXFileReference; fileEncoding = 4; lastKnownFileType = sourcecode.swift; path = OptionController.swift; sourceTree = "<group>"; };
		896684341ABCBB5E00198959 /* iAd.framework */ = {isa = PBXFileReference; lastKnownFileType = wrapper.framework; name = iAd.framework; path = System/Library/Frameworks/iAd.framework; sourceTree = SDKROOT; };
		89A78DE91ABA35110058D4F2 /* Guess The Number.app */ = {isa = PBXFileReference; explicitFileType = wrapper.application; includeInIndex = 0; path = "Guess The Number.app"; sourceTree = BUILT_PRODUCTS_DIR; };
		89A78DED1ABA35110058D4F2 /* Info.plist */ = {isa = PBXFileReference; lastKnownFileType = text.plist.xml; path = Info.plist; sourceTree = "<group>"; };
		89A78DEE1ABA35110058D4F2 /* AppDelegate.swift */ = {isa = PBXFileReference; lastKnownFileType = sourcecode.swift; path = AppDelegate.swift; sourceTree = "<group>"; };
		89A78DF01ABA35110058D4F2 /* ViewController.swift */ = {isa = PBXFileReference; lastKnownFileType = sourcecode.swift; path = ViewController.swift; sourceTree = "<group>"; };
		89A78DF31ABA35110058D4F2 /* Base */ = {isa = PBXFileReference; lastKnownFileType = file.storyboard; name = Base; path = Base.lproj/Main.storyboard; sourceTree = "<group>"; };
		89A78DFE1ABA35110058D4F2 /* Guess The NumberTests.xctest */ = {isa = PBXFileReference; explicitFileType = wrapper.cfbundle; includeInIndex = 0; path = "Guess The NumberTests.xctest"; sourceTree = BUILT_PRODUCTS_DIR; };
		89A78E031ABA35110058D4F2 /* Info.plist */ = {isa = PBXFileReference; lastKnownFileType = text.plist.xml; path = Info.plist; sourceTree = "<group>"; };
		89A78E041ABA35110058D4F2 /* Guess_The_NumberTests.swift */ = {isa = PBXFileReference; lastKnownFileType = sourcecode.swift; path = Guess_The_NumberTests.swift; sourceTree = "<group>"; };
		89A78E0E1ABA357A0058D4F2 /* CircleButton.swift */ = {isa = PBXFileReference; fileEncoding = 4; lastKnownFileType = sourcecode.swift; path = CircleButton.swift; sourceTree = "<group>"; };
		89CA9CFA1ABBBCE200DA43A0 /* VictoryController.swift */ = {isa = PBXFileReference; fileEncoding = 4; lastKnownFileType = sourcecode.swift; path = VictoryController.swift; sourceTree = "<group>"; };
		89D3C9E41AF046EE00C708C1 /* microphone.png */ = {isa = PBXFileReference; lastKnownFileType = image.png; path = microphone.png; sourceTree = "<group>"; };
		89D3C9E61AF066BF00C708C1 /* info.png */ = {isa = PBXFileReference; lastKnownFileType = image.png; path = info.png; sourceTree = "<group>"; };
		89E19CCE1ABD3DF400A5B93D /* thumbs_up.png */ = {isa = PBXFileReference; lastKnownFileType = image.png; path = thumbs_up.png; sourceTree = "<group>"; };
		89E19CD01ABD3FAC00A5B93D /* thumbs_sideways.png */ = {isa = PBXFileReference; lastKnownFileType = image.png; path = thumbs_sideways.png; sourceTree = "<group>"; };
		89E19CD11ABD3FAC00A5B93D /* thumbs_down.png */ = {isa = PBXFileReference; lastKnownFileType = image.png; path = thumbs_down.png; sourceTree = "<group>"; };
		89E19CD41ABDCA6E00A5B93D /* StatsController.swift */ = {isa = PBXFileReference; fileEncoding = 4; lastKnownFileType = sourcecode.swift; path = StatsController.swift; sourceTree = "<group>"; };
		89E19CD61ABF626200A5B93D /* Messages.txt */ = {isa = PBXFileReference; fileEncoding = 4; lastKnownFileType = text; path = Messages.txt; sourceTree = "<group>"; };
		89E19CD81ABF682200A5B93D /* MessagesWrongRange.txt */ = {isa = PBXFileReference; fileEncoding = 4; lastKnownFileType = text; path = MessagesWrongRange.txt; sourceTree = "<group>"; };
		89E19CDA1ABF68F100A5B93D /* VictoryMessages.txt */ = {isa = PBXFileReference; fileEncoding = 4; lastKnownFileType = text; path = VictoryMessages.txt; sourceTree = "<group>"; };
/* End PBXFileReference section */

/* Begin PBXFrameworksBuildPhase section */
		89A78DE61ABA35110058D4F2 /* Frameworks */ = {
			isa = PBXFrameworksBuildPhase;
			buildActionMask = 2147483647;
			files = (
				893711DA1AEE647300FC1249 /* Slt.framework in Frameworks */,
				894B65261AE84CD4004FF995 /* UIKit.framework in Frameworks */,
				896684351ABCBB5E00198959 /* iAd.framework in Frameworks */,
				893711D91AEE647300FC1249 /* OpenEars.framework in Frameworks */,
			);
			runOnlyForDeploymentPostprocessing = 0;
		};
		89A78DFB1ABA35110058D4F2 /* Frameworks */ = {
			isa = PBXFrameworksBuildPhase;
			buildActionMask = 2147483647;
			files = (
			);
			runOnlyForDeploymentPostprocessing = 0;
		};
/* End PBXFrameworksBuildPhase section */

/* Begin PBXGroup section */
		894B64FB1AE84B7A004FF995 /* Data */ = {
			isa = PBXGroup;
			children = (
				894B64FC1AE84B7A004FF995 /* barChart.xml */,
			);
			path = Data;
			sourceTree = "<group>";
		};
		894B64FE1AE84B83004FF995 /* BarChart Library */ = {
			isa = PBXGroup;
			children = (
				894B64FF1AE84B83004FF995 /* BarChartView.h */,
				894B65001AE84B83004FF995 /* BarChartView.m */,
				894B65011AE84B83004FF995 /* BarLabel.h */,
				894B65021AE84B83004FF995 /* BarLabel.m */,
				894B65031AE84B83004FF995 /* BarTypes.h */,
				894B65041AE84B83004FF995 /* BarView.h */,
				894B65051AE84B83004FF995 /* BarView.m */,
				894B65061AE84B83004FF995 /* External */,
				894B65161AE84B83004FF995 /* PlotChartView.h */,
				894B65171AE84B83004FF995 /* PlotChartView.m */,
			);
			path = "BarChart Library";
			sourceTree = "<group>";
		};
		894B65061AE84B83004FF995 /* External */ = {
			isa = PBXGroup;
			children = (
				894B65071AE84B83004FF995 /* CMPopTipView */,
				894B650A1AE84B83004FF995 /* Helpers */,
				894B650F1AE84B83004FF995 /* XMLParser */,
			);
			path = External;
			sourceTree = "<group>";
		};
		894B65071AE84B83004FF995 /* CMPopTipView */ = {
			isa = PBXGroup;
			children = (
				894B65081AE84B83004FF995 /* CMPopTipView.h */,
				894B65091AE84B83004FF995 /* CMPopTipView.m */,
			);
			path = CMPopTipView;
			sourceTree = "<group>";
		};
		894B650A1AE84B83004FF995 /* Helpers */ = {
			isa = PBXGroup;
			children = (
				894B650B1AE84B83004FF995 /* UIColor+i7HexColor.h */,
				894B650C1AE84B83004FF995 /* UIColor+i7HexColor.m */,
				894B650D1AE84B83004FF995 /* UIViewSizeShortcuts.h */,
				894B650E1AE84B83004FF995 /* UIViewSizeShortcuts.m */,
			);
			path = Helpers;
			sourceTree = "<group>";
		};
		894B650F1AE84B83004FF995 /* XMLParser */ = {
			isa = PBXGroup;
			children = (
				894B65101AE84B83004FF995 /* XMLElement.h */,
				894B65111AE84B83004FF995 /* XMLElement.m */,
				894B65121AE84B83004FF995 /* XMLParser.h */,
				894B65131AE84B83004FF995 /* XMLParser.m */,
				894B65141AE84B83004FF995 /* XMLParserDelegate.h */,
				894B65151AE84B83004FF995 /* XMLParserDelegate.m */,
			);
			path = XMLParser;
			sourceTree = "<group>";
		};
		8966842D1ABC8BF500198959 /* Images */ = {
			isa = PBXGroup;
			children = (
				89D3C9E41AF046EE00C708C1 /* microphone.png */,
				89D3C9E61AF066BF00C708C1 /* info.png */,
				89E19CCE1ABD3DF400A5B93D /* thumbs_up.png */,
				89E19CD01ABD3FAC00A5B93D /* thumbs_sideways.png */,
				89E19CD11ABD3FAC00A5B93D /* thumbs_down.png */,
			);
			name = Images;
			sourceTree = "<group>";
		};
		898653341AE927E300D21BA6 /* Frameworks */ = {
			isa = PBXGroup;
			children = (
				893711D31AEE647300FC1249 /* AcousticModelEnglish.bundle */,
				893711D41AEE647300FC1249 /* AcousticModelSpanish.bundle */,
				893711D51AEE647300FC1249 /* OpenEars.framework */,
				893711D61AEE647300FC1249 /* Slt.framework */,
				894B65251AE84CD4004FF995 /* UIKit.framework */,
				896684341ABCBB5E00198959 /* iAd.framework */,
			);
			name = Frameworks;
			sourceTree = "<group>";
		};
		89A78DE01ABA35110058D4F2 = {
			isa = PBXGroup;
			children = (
				898653341AE927E300D21BA6 /* Frameworks */,
				89A78DEB1ABA35110058D4F2 /* Guess The Number */,
				89A78E011ABA35110058D4F2 /* Guess The NumberTests */,
				89A78DEA1ABA35110058D4F2 /* Products */,
			);
			sourceTree = "<group>";
		};
		89A78DEA1ABA35110058D4F2 /* Products */ = {
			isa = PBXGroup;
			children = (
				89A78DE91ABA35110058D4F2 /* Guess The Number.app */,
				89A78DFE1ABA35110058D4F2 /* Guess The NumberTests.xctest */,
			);
			name = Products;
			sourceTree = "<group>";
		};
		89A78DEB1ABA35110058D4F2 /* Guess The Number */ = {
			isa = PBXGroup;
			children = (
				894B65301AE85075004FF995 /* Guess-The-Number-Bridging-Header.h */,
				894B64FE1AE84B83004FF995 /* BarChart Library */,
				894B64FB1AE84B7A004FF995 /* Data */,
				89A78DEE1ABA35110058D4F2 /* AppDelegate.swift */,
				89A78E0E1ABA357A0058D4F2 /* CircleButton.swift */,
				89A78DF01ABA35110058D4F2 /* ViewController.swift */,
				89CA9CFA1ABBBCE200DA43A0 /* VictoryController.swift */,
				896684321ABCA72600198959 /* OptionController.swift */,
				89E19CD41ABDCA6E00A5B93D /* StatsController.swift */,
				89A78DF21ABA35110058D4F2 /* Main.storyboard */,
				896684291ABBE3C600198959 /* Images.xcassets */,
				89A78DEC1ABA35110058D4F2 /* Supporting Files */,
			);
			path = "Guess The Number";
			sourceTree = "<group>";
		};
		89A78DEC1ABA35110058D4F2 /* Supporting Files */ = {
			isa = PBXGroup;
			children = (
				89A78DED1ABA35110058D4F2 /* Info.plist */,
				89E19CD61ABF626200A5B93D /* Messages.txt */,
				89E19CD81ABF682200A5B93D /* MessagesWrongRange.txt */,
				89E19CDA1ABF68F100A5B93D /* VictoryMessages.txt */,
				8966842D1ABC8BF500198959 /* Images */,
			);
			name = "Supporting Files";
			sourceTree = "<group>";
		};
		89A78E011ABA35110058D4F2 /* Guess The NumberTests */ = {
			isa = PBXGroup;
			children = (
				89A78E041ABA35110058D4F2 /* Guess_The_NumberTests.swift */,
				89A78E021ABA35110058D4F2 /* Supporting Files */,
			);
			path = "Guess The NumberTests";
			sourceTree = "<group>";
		};
		89A78E021ABA35110058D4F2 /* Supporting Files */ = {
			isa = PBXGroup;
			children = (
				89A78E031ABA35110058D4F2 /* Info.plist */,
			);
			name = "Supporting Files";
			sourceTree = "<group>";
		};
/* End PBXGroup section */

/* Begin PBXNativeTarget section */
		89A78DE81ABA35110058D4F2 /* Guess The Number */ = {
			isa = PBXNativeTarget;
			buildConfigurationList = 89A78E081ABA35110058D4F2 /* Build configuration list for PBXNativeTarget "Guess The Number" */;
			buildPhases = (
				89A78DE51ABA35110058D4F2 /* Sources */,
				89A78DE61ABA35110058D4F2 /* Frameworks */,
				89A78DE71ABA35110058D4F2 /* Resources */,
			);
			buildRules = (
			);
			dependencies = (
			);
			name = "Guess The Number";
			productName = "Guess The Number";
			productReference = 89A78DE91ABA35110058D4F2 /* Guess The Number.app */;
			productType = "com.apple.product-type.application";
		};
		89A78DFD1ABA35110058D4F2 /* Guess The NumberTests */ = {
			isa = PBXNativeTarget;
			buildConfigurationList = 89A78E0B1ABA35110058D4F2 /* Build configuration list for PBXNativeTarget "Guess The NumberTests" */;
			buildPhases = (
				89A78DFA1ABA35110058D4F2 /* Sources */,
				89A78DFB1ABA35110058D4F2 /* Frameworks */,
				89A78DFC1ABA35110058D4F2 /* Resources */,
			);
			buildRules = (
			);
			dependencies = (
				89A78E001ABA35110058D4F2 /* PBXTargetDependency */,
			);
			name = "Guess The NumberTests";
			productName = "Guess The NumberTests";
			productReference = 89A78DFE1ABA35110058D4F2 /* Guess The NumberTests.xctest */;
			productType = "com.apple.product-type.bundle.unit-test";
		};
/* End PBXNativeTarget section */

/* Begin PBXProject section */
		89A78DE11ABA35110058D4F2 /* Project object */ = {
			isa = PBXProject;
			attributes = {
				LastUpgradeCheck = 0620;
				ORGANIZATIONNAME = "Insi Productions";
				TargetAttributes = {
					89A78DE81ABA35110058D4F2 = {
						CreatedOnToolsVersion = 6.2;
						DevelopmentTeam = C6TM6MEKXX;
						SystemCapabilities = {
							com.apple.GameCenter = {
								enabled = 0;
							};
						};
					};
					89A78DFD1ABA35110058D4F2 = {
						CreatedOnToolsVersion = 6.2;
						TestTargetID = 89A78DE81ABA35110058D4F2;
					};
				};
			};
			buildConfigurationList = 89A78DE41ABA35110058D4F2 /* Build configuration list for PBXProject "Guess The Number" */;
			compatibilityVersion = "Xcode 3.2";
			developmentRegion = English;
			hasScannedForEncodings = 0;
			knownRegions = (
				en,
				Base,
			);
			mainGroup = 89A78DE01ABA35110058D4F2;
			productRefGroup = 89A78DEA1ABA35110058D4F2 /* Products */;
			projectDirPath = "";
			projectRoot = "";
			targets = (
				89A78DE81ABA35110058D4F2 /* Guess The Number */,
				89A78DFD1ABA35110058D4F2 /* Guess The NumberTests */,
			);
		};
/* End PBXProject section */

/* Begin PBXResourcesBuildPhase section */
		89A78DE71ABA35110058D4F2 /* Resources */ = {
			isa = PBXResourcesBuildPhase;
			buildActionMask = 2147483647;
			files = (
				89D3C9E51AF046EE00C708C1 /* microphone.png in Resources */,
				89E19CDB1ABF68F100A5B93D /* VictoryMessages.txt in Resources */,
				893711D71AEE647300FC1249 /* AcousticModelEnglish.bundle in Resources */,
				893711D81AEE647300FC1249 /* AcousticModelSpanish.bundle in Resources */,
				8966842A1ABBE3C600198959 /* Images.xcassets in Resources */,
				89E19CD71ABF626200A5B93D /* Messages.txt in Resources */,
				894B64FD1AE84B7A004FF995 /* barChart.xml in Resources */,
				89E19CD31ABD3FAC00A5B93D /* thumbs_down.png in Resources */,
				89A78DF41ABA35110058D4F2 /* Main.storyboard in Resources */,
				89E19CCF1ABD3DF400A5B93D /* thumbs_up.png in Resources */,
				89E19CD91ABF682200A5B93D /* MessagesWrongRange.txt in Resources */,
				89D3C9E71AF066BF00C708C1 /* info.png in Resources */,
				89E19CD21ABD3FAC00A5B93D /* thumbs_sideways.png in Resources */,
			);
			runOnlyForDeploymentPostprocessing = 0;
		};
		89A78DFC1ABA35110058D4F2 /* Resources */ = {
			isa = PBXResourcesBuildPhase;
			buildActionMask = 2147483647;
			files = (
			);
			runOnlyForDeploymentPostprocessing = 0;
		};
/* End PBXResourcesBuildPhase section */

/* Begin PBXSourcesBuildPhase section */
		89A78DE51ABA35110058D4F2 /* Sources */ = {
			isa = PBXSourcesBuildPhase;
			buildActionMask = 2147483647;
			files = (
				894B651F1AE84B83004FF995 /* XMLParser.m in Sources */,
				894B651C1AE84B83004FF995 /* UIColor+i7HexColor.m in Sources */,
				894B65181AE84B83004FF995 /* BarChartView.m in Sources */,
				89A78E0F1ABA357A0058D4F2 /* CircleButton.swift in Sources */,
				894B651D1AE84B83004FF995 /* UIViewSizeShortcuts.m in Sources */,
				894B65191AE84B83004FF995 /* BarLabel.m in Sources */,
				894B65211AE84B83004FF995 /* PlotChartView.m in Sources */,
				89E19CD51ABDCA6E00A5B93D /* StatsController.swift in Sources */,
				894B651E1AE84B83004FF995 /* XMLElement.m in Sources */,
				894B651B1AE84B83004FF995 /* CMPopTipView.m in Sources */,
				89A78DF11ABA35110058D4F2 /* ViewController.swift in Sources */,
				89CA9CFB1ABBBCE200DA43A0 /* VictoryController.swift in Sources */,
				894B65201AE84B83004FF995 /* XMLParserDelegate.m in Sources */,
				896684331ABCA72600198959 /* OptionController.swift in Sources */,
				894B651A1AE84B83004FF995 /* BarView.m in Sources */,
				89A78DEF1ABA35110058D4F2 /* AppDelegate.swift in Sources */,
			);
			runOnlyForDeploymentPostprocessing = 0;
		};
		89A78DFA1ABA35110058D4F2 /* Sources */ = {
			isa = PBXSourcesBuildPhase;
			buildActionMask = 2147483647;
			files = (
				89A78E051ABA35110058D4F2 /* Guess_The_NumberTests.swift in Sources */,
			);
			runOnlyForDeploymentPostprocessing = 0;
		};
/* End PBXSourcesBuildPhase section */

/* Begin PBXTargetDependency section */
		89A78E001ABA35110058D4F2 /* PBXTargetDependency */ = {
			isa = PBXTargetDependency;
			target = 89A78DE81ABA35110058D4F2 /* Guess The Number */;
			targetProxy = 89A78DFF1ABA35110058D4F2 /* PBXContainerItemProxy */;
		};
/* End PBXTargetDependency section */

/* Begin PBXVariantGroup section */
		89A78DF21ABA35110058D4F2 /* Main.storyboard */ = {
			isa = PBXVariantGroup;
			children = (
				89A78DF31ABA35110058D4F2 /* Base */,
			);
			name = Main.storyboard;
			sourceTree = "<group>";
		};
/* End PBXVariantGroup section */

/* Begin XCBuildConfiguration section */
		89A78E061ABA35110058D4F2 /* Debug */ = {
			isa = XCBuildConfiguration;
			buildSettings = {
				ALWAYS_SEARCH_USER_PATHS = NO;
				CLANG_CXX_LANGUAGE_STANDARD = "gnu++0x";
				CLANG_CXX_LIBRARY = "libc++";
				CLANG_ENABLE_MODULES = YES;
				CLANG_ENABLE_OBJC_ARC = YES;
				CLANG_WARN_BOOL_CONVERSION = YES;
				CLANG_WARN_CONSTANT_CONVERSION = YES;
				CLANG_WARN_DIRECT_OBJC_ISA_USAGE = YES_ERROR;
				CLANG_WARN_EMPTY_BODY = YES;
				CLANG_WARN_ENUM_CONVERSION = YES;
				CLANG_WARN_INT_CONVERSION = YES;
				CLANG_WARN_OBJC_ROOT_CLASS = YES_ERROR;
				CLANG_WARN_UNREACHABLE_CODE = YES;
				CLANG_WARN__DUPLICATE_METHOD_MATCH = YES;
				"CODE_SIGN_IDENTITY[sdk=iphoneos*]" = "iPhone Developer";
				COPY_PHASE_STRIP = NO;
				ENABLE_STRICT_OBJC_MSGSEND = YES;
				GCC_C_LANGUAGE_STANDARD = gnu99;
				GCC_DYNAMIC_NO_PIC = NO;
				GCC_OPTIMIZATION_LEVEL = 0;
				GCC_PREPROCESSOR_DEFINITIONS = (
					"DEBUG=1",
					"$(inherited)",
				);
				GCC_SYMBOLS_PRIVATE_EXTERN = NO;
				GCC_WARN_64_TO_32_BIT_CONVERSION = YES;
				GCC_WARN_ABOUT_RETURN_TYPE = YES_ERROR;
				GCC_WARN_UNDECLARED_SELECTOR = YES;
				GCC_WARN_UNINITIALIZED_AUTOS = YES_AGGRESSIVE;
				GCC_WARN_UNUSED_FUNCTION = YES;
				GCC_WARN_UNUSED_VARIABLE = YES;
				IPHONEOS_DEPLOYMENT_TARGET = 8.2;
				MTL_ENABLE_DEBUG_INFO = YES;
				ONLY_ACTIVE_ARCH = YES;
				SDKROOT = iphoneos;
				SWIFT_OPTIMIZATION_LEVEL = "-Onone";
			};
			name = Debug;
		};
		89A78E071ABA35110058D4F2 /* Release */ = {
			isa = XCBuildConfiguration;
			buildSettings = {
				ALWAYS_SEARCH_USER_PATHS = NO;
				CLANG_CXX_LANGUAGE_STANDARD = "gnu++0x";
				CLANG_CXX_LIBRARY = "libc++";
				CLANG_ENABLE_MODULES = YES;
				CLANG_ENABLE_OBJC_ARC = YES;
				CLANG_WARN_BOOL_CONVERSION = YES;
				CLANG_WARN_CONSTANT_CONVERSION = YES;
				CLANG_WARN_DIRECT_OBJC_ISA_USAGE = YES_ERROR;
				CLANG_WARN_EMPTY_BODY = YES;
				CLANG_WARN_ENUM_CONVERSION = YES;
				CLANG_WARN_INT_CONVERSION = YES;
				CLANG_WARN_OBJC_ROOT_CLASS = YES_ERROR;
				CLANG_WARN_UNREACHABLE_CODE = YES;
				CLANG_WARN__DUPLICATE_METHOD_MATCH = YES;
				"CODE_SIGN_IDENTITY[sdk=iphoneos*]" = "iPhone Developer";
				COPY_PHASE_STRIP = NO;
				ENABLE_NS_ASSERTIONS = NO;
				ENABLE_STRICT_OBJC_MSGSEND = YES;
				GCC_C_LANGUAGE_STANDARD = gnu99;
				GCC_WARN_64_TO_32_BIT_CONVERSION = YES;
				GCC_WARN_ABOUT_RETURN_TYPE = YES_ERROR;
				GCC_WARN_UNDECLARED_SELECTOR = YES;
				GCC_WARN_UNINITIALIZED_AUTOS = YES_AGGRESSIVE;
				GCC_WARN_UNUSED_FUNCTION = YES;
				GCC_WARN_UNUSED_VARIABLE = YES;
				IPHONEOS_DEPLOYMENT_TARGET = 8.2;
				MTL_ENABLE_DEBUG_INFO = NO;
				SDKROOT = iphoneos;
				VALIDATE_PRODUCT = YES;
			};
			name = Release;
		};
		89A78E091ABA35110058D4F2 /* Debug */ = {
			isa = XCBuildConfiguration;
			buildSettings = {
				ASSETCATALOG_COMPILER_APPICON_NAME = AppIcon;
				ASSETCATALOG_COMPILER_LAUNCHIMAGE_NAME = LaunchImage;
				CLANG_ENABLE_MODULES = YES;
				CODE_SIGN_IDENTITY = "iPhone Developer";
				"CODE_SIGN_IDENTITY[sdk=iphoneos*]" = "iPhone Developer";
				FRAMEWORK_SEARCH_PATHS = (
					"$(inherited)",
					"$(PROJECT_DIR)",
				);
				INFOPLIST_FILE = "Guess The Number/Info.plist";
				IPHONEOS_DEPLOYMENT_TARGET = 7.0;
				LD_RUNPATH_SEARCH_PATHS = "$(inherited) @executable_path/Frameworks";
				PRODUCT_NAME = "$(TARGET_NAME)";
				PROVISIONING_PROFILE = "";
				SWIFT_OBJC_BRIDGING_HEADER = "Guess-The-Number-Bridging-Header.h";
				SWIFT_OPTIMIZATION_LEVEL = "-Onone";
			};
			name = Debug;
		};
		89A78E0A1ABA35110058D4F2 /* Release */ = {
			isa = XCBuildConfiguration;
			buildSettings = {
				ASSETCATALOG_COMPILER_APPICON_NAME = AppIcon;
				ASSETCATALOG_COMPILER_LAUNCHIMAGE_NAME = LaunchImage;
				CLANG_ENABLE_MODULES = YES;
				CODE_SIGN_IDENTITY = "iPhone Developer";
				"CODE_SIGN_IDENTITY[sdk=iphoneos*]" = "iPhone Developer";
				FRAMEWORK_SEARCH_PATHS = (
					"$(inherited)",
					"$(PROJECT_DIR)",
				);
				INFOPLIST_FILE = "Guess The Number/Info.plist";
				IPHONEOS_DEPLOYMENT_TARGET = 7.0;
				LD_RUNPATH_SEARCH_PATHS = "$(inherited) @executable_path/Frameworks";
				PRODUCT_NAME = "$(TARGET_NAME)";
				PROVISIONING_PROFILE = "";
				SWIFT_OBJC_BRIDGING_HEADER = "Guess-The-Number-Bridging-Header.h";
			};
			name = Release;
		};
		89A78E0C1ABA35110058D4F2 /* Debug */ = {
			isa = XCBuildConfiguration;
			buildSettings = {
				BUNDLE_LOADER = "$(TEST_HOST)";
				FRAMEWORK_SEARCH_PATHS = (
					"$(SDKROOT)/Developer/Library/Frameworks",
					"$(inherited)",
				);
				GCC_PREPROCESSOR_DEFINITIONS = (
					"DEBUG=1",
					"$(inherited)",
				);
				INFOPLIST_FILE = "Guess The NumberTests/Info.plist";
				LD_RUNPATH_SEARCH_PATHS = "$(inherited) @executable_path/Frameworks @loader_path/Frameworks";
				PRODUCT_NAME = "$(TARGET_NAME)";
				TEST_HOST = "$(BUILT_PRODUCTS_DIR)/Guess The Number.app/Guess The Number";
			};
			name = Debug;
		};
		89A78E0D1ABA35110058D4F2 /* Release */ = {
			isa = XCBuildConfiguration;
			buildSettings = {
				BUNDLE_LOADER = "$(TEST_HOST)";
				FRAMEWORK_SEARCH_PATHS = (
					"$(SDKROOT)/Developer/Library/Frameworks",
					"$(inherited)",
				);
				INFOPLIST_FILE = "Guess The NumberTests/Info.plist";
				LD_RUNPATH_SEARCH_PATHS = "$(inherited) @executable_path/Frameworks @loader_path/Frameworks";
				PRODUCT_NAME = "$(TARGET_NAME)";
				TEST_HOST = "$(BUILT_PRODUCTS_DIR)/Guess The Number.app/Guess The Number";
			};
			name = Release;
		};
/* End XCBuildConfiguration section */

/* Begin XCConfigurationList section */
		89A78DE41ABA35110058D4F2 /* Build configuration list for PBXProject "Guess The Number" */ = {
			isa = XCConfigurationList;
			buildConfigurations = (
				89A78E061ABA35110058D4F2 /* Debug */,
				89A78E071ABA35110058D4F2 /* Release */,
			);
			defaultConfigurationIsVisible = 0;
			defaultConfigurationName = Release;
		};
		89A78E081ABA35110058D4F2 /* Build configuration list for PBXNativeTarget "Guess The Number" */ = {
			isa = XCConfigurationList;
			buildConfigurations = (
				89A78E091ABA35110058D4F2 /* Debug */,
				89A78E0A1ABA35110058D4F2 /* Release */,
			);
			defaultConfigurationIsVisible = 0;
			defaultConfigurationName = Release;
		};
		89A78E0B1ABA35110058D4F2 /* Build configuration list for PBXNativeTarget "Guess The NumberTests" */ = {
			isa = XCConfigurationList;
			buildConfigurations = (
				89A78E0C1ABA35110058D4F2 /* Debug */,
				89A78E0D1ABA35110058D4F2 /* Release */,
			);
			defaultConfigurationIsVisible = 0;
			defaultConfigurationName = Release;
		};
/* End XCConfigurationList section */
	};
	rootObject = 89A78DE11ABA35110058D4F2 /* Project object */;
}
